// !$*UTF8*$!
{
	archiveVersion = 1;
	classes = {
	};
	objectVersion = 50;
	objects = {

/* Begin PBXBuildFile section */
		45DB050423A1FD8F008C663E /* AppDelegate.swift in Sources */ = {isa = PBXBuildFile; fileRef = 45DB050323A1FD8F008C663E /* AppDelegate.swift */; };
		45DB050623A1FD8F008C663E /* SceneDelegate.swift in Sources */ = {isa = PBXBuildFile; fileRef = 45DB050523A1FD8F008C663E /* SceneDelegate.swift */; };
		45DB050823A1FD8F008C663E /* ContentView.swift in Sources */ = {isa = PBXBuildFile; fileRef = 45DB050723A1FD8F008C663E /* ContentView.swift */; };
		45DB050A23A1FD95008C663E /* Assets.xcassets in Resources */ = {isa = PBXBuildFile; fileRef = 45DB050923A1FD95008C663E /* Assets.xcassets */; };
		45DB050D23A1FD95008C663E /* Preview Assets.xcassets in Resources */ = {isa = PBXBuildFile; fileRef = 45DB050C23A1FD95008C663E /* Preview Assets.xcassets */; };
		45DB051023A1FD95008C663E /* LaunchScreen.storyboard in Resources */ = {isa = PBXBuildFile; fileRef = 45DB050E23A1FD95008C663E /* LaunchScreen.storyboard */; };
		45DB051B23A1FD95008C663E /* app4aryaTests.swift in Sources */ = {isa = PBXBuildFile; fileRef = 45DB051A23A1FD95008C663E /* app4aryaTests.swift */; };
		45DB052623A1FD95008C663E /* app4aryaUITests.swift in Sources */ = {isa = PBXBuildFile; fileRef = 45DB052523A1FD95008C663E /* app4aryaUITests.swift */; };
/* End PBXBuildFile section */

/* Begin PBXContainerItemProxy section */
		45DB051723A1FD95008C663E /* PBXContainerItemProxy */ = {
			isa = PBXContainerItemProxy;
			containerPortal = 45DB04F823A1FD8F008C663E /* Project object */;
			proxyType = 1;
			remoteGlobalIDString = 45DB04FF23A1FD8F008C663E;
			remoteInfo = app4arya;
		};
		45DB052223A1FD95008C663E /* PBXContainerItemProxy */ = {
			isa = PBXContainerItemProxy;
			containerPortal = 45DB04F823A1FD8F008C663E /* Project object */;
			proxyType = 1;
			remoteGlobalIDString = 45DB04FF23A1FD8F008C663E;
			remoteInfo = app4arya;
		};
/* End PBXContainerItemProxy section */

/* Begin PBXFileReference section */
		45DB050023A1FD8F008C663E /* app4arya.app */ = {isa = PBXFileReference; explicitFileType = wrapper.application; includeInIndex = 0; path = app4arya.app; sourceTree = BUILT_PRODUCTS_DIR; };
		45DB050323A1FD8F008C663E /* AppDelegate.swift */ = {isa = PBXFileReference; lastKnownFileType = sourcecode.swift; path = AppDelegate.swift; sourceTree = "<group>"; };
		45DB050523A1FD8F008C663E /* SceneDelegate.swift */ = {isa = PBXFileReference; lastKnownFileType = sourcecode.swift; path = SceneDelegate.swift; sourceTree = "<group>"; };
		45DB050723A1FD8F008C663E /* ContentView.swift */ = {isa = PBXFileReference; lastKnownFileType = sourcecode.swift; path = ContentView.swift; sourceTree = "<group>"; };
		45DB050923A1FD95008C663E /* Assets.xcassets */ = {isa = PBXFileReference; lastKnownFileType = folder.assetcatalog; path = Assets.xcassets; sourceTree = "<group>"; };
		45DB050C23A1FD95008C663E /* Preview Assets.xcassets */ = {isa = PBXFileReference; lastKnownFileType = folder.assetcatalog; path = "Preview Assets.xcassets"; sourceTree = "<group>"; };
		45DB050F23A1FD95008C663E /* Base */ = {isa = PBXFileReference; lastKnownFileType = file.storyboard; name = Base; path = Base.lproj/LaunchScreen.storyboard; sourceTree = "<group>"; };
		45DB051123A1FD95008C663E /* Info.plist */ = {isa = PBXFileReference; lastKnownFileType = text.plist.xml; path = Info.plist; sourceTree = "<group>"; };
		45DB051623A1FD95008C663E /* app4aryaTests.xctest */ = {isa = PBXFileReference; explicitFileType = wrapper.cfbundle; includeInIndex = 0; path = app4aryaTests.xctest; sourceTree = BUILT_PRODUCTS_DIR; };
		45DB051A23A1FD95008C663E /* app4aryaTests.swift */ = {isa = PBXFileReference; lastKnownFileType = sourcecode.swift; path = app4aryaTests.swift; sourceTree = "<group>"; };
		45DB051C23A1FD95008C663E /* Info.plist */ = {isa = PBXFileReference; lastKnownFileType = text.plist.xml; path = Info.plist; sourceTree = "<group>"; };
		45DB052123A1FD95008C663E /* app4aryaUITests.xctest */ = {isa = PBXFileReference; explicitFileType = wrapper.cfbundle; includeInIndex = 0; path = app4aryaUITests.xctest; sourceTree = BUILT_PRODUCTS_DIR; };
		45DB052523A1FD95008C663E /* app4aryaUITests.swift */ = {isa = PBXFileReference; lastKnownFileType = sourcecode.swift; path = app4aryaUITests.swift; sourceTree = "<group>"; };
		45DB052723A1FD95008C663E /* Info.plist */ = {isa = PBXFileReference; lastKnownFileType = text.plist.xml; path = Info.plist; sourceTree = "<group>"; };
/* End PBXFileReference section */

/* Begin PBXFrameworksBuildPhase section */
		45DB04FD23A1FD8F008C663E /* Frameworks */ = {
			isa = PBXFrameworksBuildPhase;
			buildActionMask = 2147483647;
			files = (
			);
			runOnlyForDeploymentPostprocessing = 0;
		};
		45DB051323A1FD95008C663E /* Frameworks */ = {
			isa = PBXFrameworksBuildPhase;
			buildActionMask = 2147483647;
			files = (
			);
			runOnlyForDeploymentPostprocessing = 0;
		};
		45DB051E23A1FD95008C663E /* Frameworks */ = {
			isa = PBXFrameworksBuildPhase;
			buildActionMask = 2147483647;
			files = (
			);
			runOnlyForDeploymentPostprocessing = 0;
		};
/* End PBXFrameworksBuildPhase section */

/* Begin PBXGroup section */
		45DB04F723A1FD8F008C663E = {
			isa = PBXGroup;
			children = (
				45DB050223A1FD8F008C663E /* app4arya */,
				45DB051923A1FD95008C663E /* app4aryaTests */,
				45DB052423A1FD95008C663E /* app4aryaUITests */,
				45DB050123A1FD8F008C663E /* Products */,
			);
			sourceTree = "<group>";
		};
		45DB050123A1FD8F008C663E /* Products */ = {
			isa = PBXGroup;
			children = (
				45DB050023A1FD8F008C663E /* app4arya.app */,
				45DB051623A1FD95008C663E /* app4aryaTests.xctest */,
				45DB052123A1FD95008C663E /* app4aryaUITests.xctest */,
			);
			name = Products;
			sourceTree = "<group>";
		};
		45DB050223A1FD8F008C663E /* app4arya */ = {
			isa = PBXGroup;
			children = (
				45DB050323A1FD8F008C663E /* AppDelegate.swift */,
				45DB050523A1FD8F008C663E /* SceneDelegate.swift */,
				45DB050723A1FD8F008C663E /* ContentView.swift */,
				45DB050923A1FD95008C663E /* Assets.xcassets */,
				45DB050E23A1FD95008C663E /* LaunchScreen.storyboard */,
				45DB051123A1FD95008C663E /* Info.plist */,
				45DB050B23A1FD95008C663E /* Preview Content */,
			);
			path = app4arya;
			sourceTree = "<group>";
		};
		45DB050B23A1FD95008C663E /* Preview Content */ = {
			isa = PBXGroup;
			children = (
				45DB050C23A1FD95008C663E /* Preview Assets.xcassets */,
			);
			path = "Preview Content";
			sourceTree = "<group>";
		};
		45DB051923A1FD95008C663E /* app4aryaTests */ = {
			isa = PBXGroup;
			children = (
				45DB051A23A1FD95008C663E /* app4aryaTests.swift */,
				45DB051C23A1FD95008C663E /* Info.plist */,
			);
			path = app4aryaTests;
			sourceTree = "<group>";
		};
		45DB052423A1FD95008C663E /* app4aryaUITests */ = {
			isa = PBXGroup;
			children = (
				45DB052523A1FD95008C663E /* app4aryaUITests.swift */,
				45DB052723A1FD95008C663E /* Info.plist */,
			);
			path = app4aryaUITests;
			sourceTree = "<group>";
		};
/* End PBXGroup section */

/* Begin PBXNativeTarget section */
		45DB04FF23A1FD8F008C663E /* app4arya */ = {
			isa = PBXNativeTarget;
			buildConfigurationList = 45DB052A23A1FD95008C663E /* Build configuration list for PBXNativeTarget "app4arya" */;
			buildPhases = (
				45DB04FC23A1FD8F008C663E /* Sources */,
				45DB04FD23A1FD8F008C663E /* Frameworks */,
				45DB04FE23A1FD8F008C663E /* Resources */,
			);
			buildRules = (
			);
			dependencies = (
			);
			name = app4arya;
			productName = app4arya;
			productReference = 45DB050023A1FD8F008C663E /* app4arya.app */;
			productType = "com.apple.product-type.application";
		};
		45DB051523A1FD95008C663E /* app4aryaTests */ = {
			isa = PBXNativeTarget;
			buildConfigurationList = 45DB052D23A1FD95008C663E /* Build configuration list for PBXNativeTarget "app4aryaTests" */;
			buildPhases = (
				45DB051223A1FD95008C663E /* Sources */,
				45DB051323A1FD95008C663E /* Frameworks */,
				45DB051423A1FD95008C663E /* Resources */,
			);
			buildRules = (
			);
			dependencies = (
				45DB051823A1FD95008C663E /* PBXTargetDependency */,
			);
			name = app4aryaTests;
			productName = app4aryaTests;
			productReference = 45DB051623A1FD95008C663E /* app4aryaTests.xctest */;
			productType = "com.apple.product-type.bundle.unit-test";
		};
		45DB052023A1FD95008C663E /* app4aryaUITests */ = {
			isa = PBXNativeTarget;
			buildConfigurationList = 45DB053023A1FD95008C663E /* Build configuration list for PBXNativeTarget "app4aryaUITests" */;
			buildPhases = (
				45DB051D23A1FD95008C663E /* Sources */,
				45DB051E23A1FD95008C663E /* Frameworks */,
				45DB051F23A1FD95008C663E /* Resources */,
			);
			buildRules = (
			);
			dependencies = (
				45DB052323A1FD95008C663E /* PBXTargetDependency */,
			);
			name = app4aryaUITests;
			productName = app4aryaUITests;
			productReference = 45DB052123A1FD95008C663E /* app4aryaUITests.xctest */;
			productType = "com.apple.product-type.bundle.ui-testing";
		};
/* End PBXNativeTarget section */

/* Begin PBXProject section */
		45DB04F823A1FD8F008C663E /* Project object */ = {
			isa = PBXProject;
			attributes = {
				LastSwiftUpdateCheck = 1120;
				LastUpgradeCheck = 1120;
				ORGANIZATIONNAME = "Ajay Ramesh";
				TargetAttributes = {
					45DB04FF23A1FD8F008C663E = {
						CreatedOnToolsVersion = 11.2.1;
					};
					45DB051523A1FD95008C663E = {
						CreatedOnToolsVersion = 11.2.1;
						TestTargetID = 45DB04FF23A1FD8F008C663E;
					};
					45DB052023A1FD95008C663E = {
						CreatedOnToolsVersion = 11.2.1;
						TestTargetID = 45DB04FF23A1FD8F008C663E;
					};
				};
			};
			buildConfigurationList = 45DB04FB23A1FD8F008C663E /* Build configuration list for PBXProject "app4arya" */;
			compatibilityVersion = "Xcode 9.3";
			developmentRegion = en;
			hasScannedForEncodings = 0;
			knownRegions = (
				en,
				Base,
			);
			mainGroup = 45DB04F723A1FD8F008C663E;
			productRefGroup = 45DB050123A1FD8F008C663E /* Products */;
			projectDirPath = "";
			projectRoot = "";
			targets = (
				45DB04FF23A1FD8F008C663E /* app4arya */,
				45DB051523A1FD95008C663E /* app4aryaTests */,
				45DB052023A1FD95008C663E /* app4aryaUITests */,
			);
		};
/* End PBXProject section */

/* Begin PBXResourcesBuildPhase section */
		45DB04FE23A1FD8F008C663E /* Resources */ = {
			isa = PBXResourcesBuildPhase;
			buildActionMask = 2147483647;
			files = (
				45DB051023A1FD95008C663E /* LaunchScreen.storyboard in Resources */,
				45DB050D23A1FD95008C663E /* Preview Assets.xcassets in Resources */,
				45DB050A23A1FD95008C663E /* Assets.xcassets in Resources */,
			);
			runOnlyForDeploymentPostprocessing = 0;
		};
		45DB051423A1FD95008C663E /* Resources */ = {
			isa = PBXResourcesBuildPhase;
			buildActionMask = 2147483647;
			files = (
			);
			runOnlyForDeploymentPostprocessing = 0;
		};
		45DB051F23A1FD95008C663E /* Resources */ = {
			isa = PBXResourcesBuildPhase;
			buildActionMask = 2147483647;
			files = (
			);
			runOnlyForDeploymentPostprocessing = 0;
		};
/* End PBXResourcesBuildPhase section */

/* Begin PBXSourcesBuildPhase section */
		45DB04FC23A1FD8F008C663E /* Sources */ = {
			isa = PBXSourcesBuildPhase;
			buildActionMask = 2147483647;
			files = (
				45DB050423A1FD8F008C663E /* AppDelegate.swift in Sources */,
				45DB050623A1FD8F008C663E /* SceneDelegate.swift in Sources */,
				45DB050823A1FD8F008C663E /* ContentView.swift in Sources */,
			);
			runOnlyForDeploymentPostprocessing = 0;
		};
		45DB051223A1FD95008C663E /* Sources */ = {
			isa = PBXSourcesBuildPhase;
			buildActionMask = 2147483647;
			files = (
				45DB051B23A1FD95008C663E /* app4aryaTests.swift in Sources */,
			);
			runOnlyForDeploymentPostprocessing = 0;
		};
		45DB051D23A1FD95008C663E /* Sources */ = {
			isa = PBXSourcesBuildPhase;
			buildActionMask = 2147483647;
			files = (
				45DB052623A1FD95008C663E /* app4aryaUITests.swift in Sources */,
			);
			runOnlyForDeploymentPostprocessing = 0;
		};
/* End PBXSourcesBuildPhase section */

/* Begin PBXTargetDependency section */
		45DB051823A1FD95008C663E /* PBXTargetDependency */ = {
			isa = PBXTargetDependency;
			target = 45DB04FF23A1FD8F008C663E /* app4arya */;
			targetProxy = 45DB051723A1FD95008C663E /* PBXContainerItemProxy */;
		};
		45DB052323A1FD95008C663E /* PBXTargetDependency */ = {
			isa = PBXTargetDependency;
			target = 45DB04FF23A1FD8F008C663E /* app4arya */;
			targetProxy = 45DB052223A1FD95008C663E /* PBXContainerItemProxy */;
		};
/* End PBXTargetDependency section */

/* Begin PBXVariantGroup section */
		45DB050E23A1FD95008C663E /* LaunchScreen.storyboard */ = {
			isa = PBXVariantGroup;
			children = (
				45DB050F23A1FD95008C663E /* Base */,
			);
			name = LaunchScreen.storyboard;
			sourceTree = "<group>";
		};
/* End PBXVariantGroup section */

/* Begin XCBuildConfiguration section */
		45DB052823A1FD95008C663E /* Debug */ = {
			isa = XCBuildConfiguration;
			buildSettings = {
				ALWAYS_SEARCH_USER_PATHS = NO;
				CLANG_ANALYZER_NONNULL = YES;
				CLANG_ANALYZER_NUMBER_OBJECT_CONVERSION = YES_AGGRESSIVE;
				CLANG_CXX_LANGUAGE_STANDARD = "gnu++14";
				CLANG_CXX_LIBRARY = "libc++";
				CLANG_ENABLE_MODULES = YES;
				CLANG_ENABLE_OBJC_ARC = YES;
				CLANG_ENABLE_OBJC_WEAK = YES;
				CLANG_WARN_BLOCK_CAPTURE_AUTORELEASING = YES;
				CLANG_WARN_BOOL_CONVERSION = YES;
				CLANG_WARN_COMMA = YES;
				CLANG_WARN_CONSTANT_CONVERSION = YES;
				CLANG_WARN_DEPRECATED_OBJC_IMPLEMENTATIONS = YES;
				CLANG_WARN_DIRECT_OBJC_ISA_USAGE = YES_ERROR;
				CLANG_WARN_DOCUMENTATION_COMMENTS = YES;
				CLANG_WARN_EMPTY_BODY = YES;
				CLANG_WARN_ENUM_CONVERSION = YES;
				CLANG_WARN_INFINITE_RECURSION = YES;
				CLANG_WARN_INT_CONVERSION = YES;
				CLANG_WARN_NON_LITERAL_NULL_CONVERSION = YES;
				CLANG_WARN_OBJC_IMPLICIT_RETAIN_SELF = YES;
				CLANG_WARN_OBJC_LITERAL_CONVERSION = YES;
				CLANG_WARN_OBJC_ROOT_CLASS = YES_ERROR;
				CLANG_WARN_RANGE_LOOP_ANALYSIS = YES;
				CLANG_WARN_STRICT_PROTOTYPES = YES;
				CLANG_WARN_SUSPICIOUS_MOVE = YES;
				CLANG_WARN_UNGUARDED_AVAILABILITY = YES_AGGRESSIVE;
				CLANG_WARN_UNREACHABLE_CODE = YES;
				CLANG_WARN__DUPLICATE_METHOD_MATCH = YES;
				COPY_PHASE_STRIP = NO;
				DEBUG_INFORMATION_FORMAT = dwarf;
				ENABLE_STRICT_OBJC_MSGSEND = YES;
				ENABLE_TESTABILITY = YES;
				GCC_C_LANGUAGE_STANDARD = gnu11;
				GCC_DYNAMIC_NO_PIC = NO;
				GCC_NO_COMMON_BLOCKS = YES;
				GCC_OPTIMIZATION_LEVEL = 0;
				GCC_PREPROCESSOR_DEFINITIONS = (
					"DEBUG=1",
					"$(inherited)",
				);
				GCC_WARN_64_TO_32_BIT_CONVERSION = YES;
				GCC_WARN_ABOUT_RETURN_TYPE = YES_ERROR;
				GCC_WARN_UNDECLARED_SELECTOR = YES;
				GCC_WARN_UNINITIALIZED_AUTOS = YES_AGGRESSIVE;
				GCC_WARN_UNUSED_FUNCTION = YES;
				GCC_WARN_UNUSED_VARIABLE = YES;
				IPHONEOS_DEPLOYMENT_TARGET = 13.2;
				MTL_ENABLE_DEBUG_INFO = INCLUDE_SOURCE;
				MTL_FAST_MATH = YES;
				ONLY_ACTIVE_ARCH = YES;
				SDKROOT = iphoneos;
				SWIFT_ACTIVE_COMPILATION_CONDITIONS = DEBUG;
				SWIFT_OPTIMIZATION_LEVEL = "-Onone";
			};
			name = Debug;
		};
		45DB052923A1FD95008C663E /* Release */ = {
			isa = XCBuildConfiguration;
			buildSettings = {
				ALWAYS_SEARCH_USER_PATHS = NO;
				CLANG_ANALYZER_NONNULL = YES;
				CLANG_ANALYZER_NUMBER_OBJECT_CONVERSION = YES_AGGRESSIVE;
				CLANG_CXX_LANGUAGE_STANDARD = "gnu++14";
				CLANG_CXX_LIBRARY = "libc++";
				CLANG_ENABLE_MODULES = YES;
				CLANG_ENABLE_OBJC_ARC = YES;
				CLANG_ENABLE_OBJC_WEAK = YES;
				CLANG_WARN_BLOCK_CAPTURE_AUTORELEASING = YES;
				CLANG_WARN_BOOL_CONVERSION = YES;
				CLANG_WARN_COMMA = YES;
				CLANG_WARN_CONSTANT_CONVERSION = YES;
				CLANG_WARN_DEPRECATED_OBJC_IMPLEMENTATIONS = YES;
				CLANG_WARN_DIRECT_OBJC_ISA_USAGE = YES_ERROR;
				CLANG_WARN_DOCUMENTATION_COMMENTS = YES;
				CLANG_WARN_EMPTY_BODY = YES;
				CLANG_WARN_ENUM_CONVERSION = YES;
				CLANG_WARN_INFINITE_RECURSION = YES;
				CLANG_WARN_INT_CONVERSION = YES;
				CLANG_WARN_NON_LITERAL_NULL_CONVERSION = YES;
				CLANG_WARN_OBJC_IMPLICIT_RETAIN_SELF = YES;
				CLANG_WARN_OBJC_LITERAL_CONVERSION = YES;
				CLANG_WARN_OBJC_ROOT_CLASS = YES_ERROR;
				CLANG_WARN_RANGE_LOOP_ANALYSIS = YES;
				CLANG_WARN_STRICT_PROTOTYPES = YES;
				CLANG_WARN_SUSPICIOUS_MOVE = YES;
				CLANG_WARN_UNGUARDED_AVAILABILITY = YES_AGGRESSIVE;
				CLANG_WARN_UNREACHABLE_CODE = YES;
				CLANG_WARN__DUPLICATE_METHOD_MATCH = YES;
				COPY_PHASE_STRIP = NO;
				DEBUG_INFORMATION_FORMAT = "dwarf-with-dsym";
				ENABLE_NS_ASSERTIONS = NO;
				ENABLE_STRICT_OBJC_MSGSEND = YES;
				GCC_C_LANGUAGE_STANDARD = gnu11;
				GCC_NO_COMMON_BLOCKS = YES;
				GCC_WARN_64_TO_32_BIT_CONVERSION = YES;
				GCC_WARN_ABOUT_RETURN_TYPE = YES_ERROR;
				GCC_WARN_UNDECLARED_SELECTOR = YES;
				GCC_WARN_UNINITIALIZED_AUTOS = YES_AGGRESSIVE;
				GCC_WARN_UNUSED_FUNCTION = YES;
				GCC_WARN_UNUSED_VARIABLE = YES;
				IPHONEOS_DEPLOYMENT_TARGET = 13.2;
				MTL_ENABLE_DEBUG_INFO = NO;
				MTL_FAST_MATH = YES;
				SDKROOT = iphoneos;
				SWIFT_COMPILATION_MODE = wholemodule;
				SWIFT_OPTIMIZATION_LEVEL = "-O";
				VALIDATE_PRODUCT = YES;
			};
			name = Release;
		};
		45DB052B23A1FD95008C663E /* Debug */ = {
			isa = XCBuildConfiguration;
			buildSettings = {
				ASSETCATALOG_COMPILER_APPICON_NAME = AppIcon;
				CODE_SIGN_STYLE = Automatic;
				DEVELOPMENT_ASSET_PATHS = "\"app4arya/Preview Content\"";
				DEVELOPMENT_TEAM = 7WXAG59339;
				ENABLE_PREVIEWS = YES;
				INFOPLIST_FILE = app4arya/Info.plist;
				LD_RUNPATH_SEARCH_PATHS = (
					"$(inherited)",
					"@executable_path/Frameworks",
				);
				PRODUCT_BUNDLE_IDENTIFIER = "com.bootstrap-hq.app4arya";
				PRODUCT_NAME = "$(TARGET_NAME)";
				SWIFT_VERSION = 5.0;
				TARGETED_DEVICE_FAMILY = "1,2";
			};
			name = Debug;
		};
		45DB052C23A1FD95008C663E /* Release */ = {
			isa = XCBuildConfiguration;
			buildSettings = {
				ASSETCATALOG_COMPILER_APPICON_NAME = AppIcon;
				CODE_SIGN_STYLE = Automatic;
				DEVELOPMENT_ASSET_PATHS = "\"app4arya/Preview Content\"";
				DEVELOPMENT_TEAM = 7WXAG59339;
				ENABLE_PREVIEWS = YES;
				INFOPLIST_FILE = app4arya/Info.plist;
				LD_RUNPATH_SEARCH_PATHS = (
					"$(inherited)",
					"@executable_path/Frameworks",
				);
				PRODUCT_BUNDLE_IDENTIFIER = "com.bootstrap-hq.app4arya";
				PRODUCT_NAME = "$(TARGET_NAME)";
				SWIFT_VERSION = 5.0;
				TARGETED_DEVICE_FAMILY = "1,2";
			};
			name = Release;
		};
		45DB052E23A1FD95008C663E /* Debug */ = {
			isa = XCBuildConfiguration;
			buildSettings = {
				ALWAYS_EMBED_SWIFT_STANDARD_LIBRARIES = YES;
				BUNDLE_LOADER = "$(TEST_HOST)";
				CODE_SIGN_STYLE = Automatic;
				DEVELOPMENT_TEAM = 7WXAG59339;
				INFOPLIST_FILE = app4aryaTests/Info.plist;
				IPHONEOS_DEPLOYMENT_TARGET = 13.2;
				LD_RUNPATH_SEARCH_PATHS = (
					"$(inherited)",
					"@executable_path/Frameworks",
					"@loader_path/Frameworks",
				);
				PRODUCT_BUNDLE_IDENTIFIER = "com.bootstrap-hq.app4aryaTests";
				PRODUCT_NAME = "$(TARGET_NAME)";
				SWIFT_VERSION = 5.0;
				TARGETED_DEVICE_FAMILY = "1,2";
				TEST_HOST = "$(BUILT_PRODUCTS_DIR)/app4arya.app/app4arya";
			};
			name = Debug;
		};
		45DB052F23A1FD95008C663E /* Release */ = {
			isa = XCBuildConfiguration;
			buildSettings = {
				ALWAYS_EMBED_SWIFT_STANDARD_LIBRARIES = YES;
				BUNDLE_LOADER = "$(TEST_HOST)";
				CODE_SIGN_STYLE = Automatic;
				DEVELOPMENT_TEAM = 7WXAG59339;
				INFOPLIST_FILE = app4aryaTests/Info.plist;
				IPHONEOS_DEPLOYMENT_TARGET = 13.2;
				LD_RUNPATH_SEARCH_PATHS = (
					"$(inherited)",
					"@executable_path/Frameworks",
					"@loader_path/Frameworks",
				);
				PRODUCT_BUNDLE_IDENTIFIER = "com.bootstrap-hq.app4aryaTests";
				PRODUCT_NAME = "$(TARGET_NAME)";
				SWIFT_VERSION = 5.0;
				TARGETED_DEVICE_FAMILY = "1,2";
				TEST_HOST = "$(BUILT_PRODUCTS_DIR)/app4arya.app/app4arya";
			};
			name = Release;
		};
		45DB053123A1FD95008C663E /* Debug */ = {
			isa = XCBuildConfiguration;
			buildSettings = {
				ALWAYS_EMBED_SWIFT_STANDARD_LIBRARIES = YES;
				CODE_SIGN_STYLE = Automatic;
				DEVELOPMENT_TEAM = 7WXAG59339;
				INFOPLIST_FILE = app4aryaUITests/Info.plist;
				LD_RUNPATH_SEARCH_PATHS = (
					"$(inherited)",
					"@executable_path/Frameworks",
					"@loader_path/Frameworks",
				);
				PRODUCT_BUNDLE_IDENTIFIER = "com.bootstrap-hq.app4aryaUITests";
				PRODUCT_NAME = "$(TARGET_NAME)";
				SWIFT_VERSION = 5.0;
				TARGETED_DEVICE_FAMILY = "1,2";
				TEST_TARGET_NAME = app4arya;
			};
			name = Debug;
		};
		45DB053223A1FD95008C663E /* Release */ = {
			isa = XCBuildConfiguration;
			buildSettings = {
				ALWAYS_EMBED_SWIFT_STANDARD_LIBRARIES = YES;
				CODE_SIGN_STYLE = Automatic;
				DEVELOPMENT_TEAM = 7WXAG59339;
				INFOPLIST_FILE = app4aryaUITests/Info.plist;
				LD_RUNPATH_SEARCH_PATHS = (
					"$(inherited)",
					"@executable_path/Frameworks",
					"@loader_path/Frameworks",
				);
				PRODUCT_BUNDLE_IDENTIFIER = "com.bootstrap-hq.app4aryaUITests";
				PRODUCT_NAME = "$(TARGET_NAME)";
				SWIFT_VERSION = 5.0;
				TARGETED_DEVICE_FAMILY = "1,2";
				TEST_TARGET_NAME = app4arya;
			};
			name = Release;
		};
/* End XCBuildConfiguration section */

/* Begin XCConfigurationList section */
		45DB04FB23A1FD8F008C663E /* Build configuration list for PBXProject "app4arya" */ = {
			isa = XCConfigurationList;
			buildConfigurations = (
				45DB052823A1FD95008C663E /* Debug */,
				45DB052923A1FD95008C663E /* Release */,
			);
			defaultConfigurationIsVisible = 0;
			defaultConfigurationName = Release;
		};
		45DB052A23A1FD95008C663E /* Build configuration list for PBXNativeTarget "app4arya" */ = {
			isa = XCConfigurationList;
			buildConfigurations = (
				45DB052B23A1FD95008C663E /* Debug */,
				45DB052C23A1FD95008C663E /* Release */,
			);
			defaultConfigurationIsVisible = 0;
			defaultConfigurationName = Release;
		};
		45DB052D23A1FD95008C663E /* Build configuration list for PBXNativeTarget "app4aryaTests" */ = {
			isa = XCConfigurationList;
			buildConfigurations = (
				45DB052E23A1FD95008C663E /* Debug */,
				45DB052F23A1FD95008C663E /* Release */,
			);
			defaultConfigurationIsVisible = 0;
			defaultConfigurationName = Release;
		};
		45DB053023A1FD95008C663E /* Build configuration list for PBXNativeTarget "app4aryaUITests" */ = {
			isa = XCConfigurationList;
			buildConfigurations = (
				45DB053123A1FD95008C663E /* Debug */,
				45DB053223A1FD95008C663E /* Release */,
			);
			defaultConfigurationIsVisible = 0;
			defaultConfigurationName = Release;
		};
/* End XCConfigurationList section */
	};
	rootObject = 45DB04F823A1FD8F008C663E /* Project object */;
}
